<?xml version="1.0" encoding="utf-8"?>
<Project ToolsVersion="4.0" xmlns="http://schemas.microsoft.com/developer/msbuild/2003">
  <ItemGroup>
    <Filter Include="Source Files">
      <UniqueIdentifier>{4FC737F1-C7A5-4376-A066-2A32D752A2FF}</UniqueIdentifier>
      <Extensions>cpp;c;cc;cxx;c++;cppm;ixx;def;odl;idl;hpj;bat;asm;asmx</Extensions>
    </Filter>
    <Filter Include="Header Files">
      <UniqueIdentifier>{93995380-89BD-4b04-88EB-625FBE52EBFB}</UniqueIdentifier>
      <Extensions>h;hh;hpp;hxx;h++;hm;inl;inc;ipp;xsd</Extensions>
    </Filter>
    <Filter Include="Resource Files">
      <UniqueIdentifier>{67DA6AB6-F800-4c08-8B7A-83BB121AAD01}</UniqueIdentifier>
      <Extensions>rc;ico;cur;bmp;dlg;rc2;rct;bin;rgs;gif;jpg;jpeg;jpe;resx;tiff;tif;png;wav;mfcribbon-ms</Extensions>
    </Filter>
    <Filter Include="Source Files\learning">
      <UniqueIdentifier>{52045015-ebd5-468b-9a90-86ad1bd98e34}</UniqueIdentifier>
    </Filter>
    <Filter Include="Source Files\gpt_api">
      <UniqueIdentifier>{401df515-8b18-4f6d-ad99-6e10b607ef32}</UniqueIdentifier>
    </Filter>
    <Filter Include="Header Files\database">
      <UniqueIdentifier>{b074ca3e-1971-4040-a07d-7f66e119b8c7}</UniqueIdentifier>
    </Filter>
    <Filter Include="Header Files\tag_headers">
      <UniqueIdentifier>{7652bd2d-c8f7-4669-bae1-906db2f0543a}</UniqueIdentifier>
    </Filter>
    <Filter Include="Source Files\tag_cpp">
      <UniqueIdentifier>{b8bf2470-14fe-4d3a-bf7b-5157e51a8a5d}</UniqueIdentifier>
    </Filter>
    <Filter Include="Source Files\database_cpp">
      <UniqueIdentifier>{58c111c0-2b4b-4ee1-a92f-4ed7f6d5ca4f}</UniqueIdentifier>
    </Filter>
  </ItemGroup>
  <ItemGroup>
    <ClCompile Include="main.cpp">
      <Filter>Source Files</Filter>
    </ClCompile>
    <ClCompile Include="start_program.cpp">
      <Filter>Source Files</Filter>
    </ClCompile>
    <ClCompile Include="pch.cpp">
      <Filter>Source Files</Filter>
    </ClCompile>
    <ClCompile Include="testingcpp.cpp">
      <Filter>Source Files</Filter>
    </ClCompile>
    <ClCompile Include="learning_about_threads.cpp">
      <Filter>Source Files</Filter>
    </ClCompile>
    <ClCompile Include="useful tools.cpp">
      <Filter>Source Files</Filter>
    </ClCompile>
    <ClCompile Include="testing 2.cpp">
      <Filter>Source Files</Filter>
    </ClCompile>
    <ClCompile Include="asyncloopsandbox.cpp">
      <Filter>Source Files\learning</Filter>
    </ClCompile>
    <ClCompile Include="data_struct.cpp">
      <Filter>Source Files\learning</Filter>
    </ClCompile>
    <ClCompile Include="allocation_metrics.cpp">
      <Filter>Source Files\learning</Filter>
    </ClCompile>
    <ClCompile Include="LandRValues.cpp">
      <Filter>Source Files\learning</Filter>
    </ClCompile>
    <ClCompile Include="array_features.cpp">
      <Filter>Source Files\learning</Filter>
    </ClCompile>
    <ClCompile Include="iteratirs_learn.cpp">
      <Filter>Source Files\learning</Filter>
    </ClCompile>
    <ClCompile Include="myVector.cpp">
      <Filter>Source Files\learning</Filter>
    </ClCompile>
    <ClCompile Include="SupplierContact.cpp">
      <Filter>Source Files</Filter>
    </ClCompile>
    <ClCompile Include="useful_structs.h">
      <Filter>Header Files</Filter>
    </ClCompile>
    <ClCompile Include="cart.cpp">
      <Filter>Source Files</Filter>
    </ClCompile>
    <ClCompile Include="product.cpp">
      <Filter>Source Files</Filter>
    </ClCompile>
    <ClCompile Include="employee.cpp">
      <Filter>Source Files</Filter>
    </ClCompile>
    <ClCompile Include="gpt_implementation.cpp">
      <Filter>Source Files\gpt_api</Filter>
    </ClCompile>
    <ClCompile Include="..\..\..\..\Downloads\sqlite-amalgamation-3410200\sqlite-amalgamation-3410200\sqlite3.c">
      <Filter>Source Files</Filter>
    </ClCompile>
    <ClCompile Include="product_tag.cpp">
      <Filter>Source Files\tag_cpp</Filter>
    </ClCompile>
    <ClCompile Include="supplier_tag.cpp">
      <Filter>Source Files\tag_cpp</Filter>
    </ClCompile>
    <ClCompile Include="Chashier_db.cpp">
      <Filter>Source Files\database_cpp</Filter>
    </ClCompile>
    <ClCompile Include="Cashier_db.h">
      <Filter>Header Files\database</Filter>
    </ClCompile>
    <ClCompile Include="product_db.cpp">
      <Filter>Source Files\database_cpp</Filter>
    </ClCompile>
  </ItemGroup>
  <ItemGroup>
    <ClInclude Include="employee.h">
      <Filter>Header Files</Filter>
    </ClInclude>
    <ClInclude Include="pch.h">
      <Filter>Header Files</Filter>
    </ClInclude>
    <ClInclude Include="cashier_interface.h">
      <Filter>Header Files</Filter>
    </ClInclude>
    <ClInclude Include="useful_tools.h">
      <Filter>Header Files</Filter>
    </ClInclude>
    <ClInclude Include="SupplierContact.h">
      <Filter>Source Files</Filter>
    </ClInclude>
    <ClInclude Include="cart.h">
      <Filter>Header Files</Filter>
    </ClInclude>
    <ClInclude Include="json.hpp">
      <Filter>Source Files\gpt_api</Filter>
    </ClInclude>
    <ClInclude Include="openai.hpp">
      <Filter>Source Files\gpt_api</Filter>
    </ClInclude>
    <ClInclude Include="gpt_implementation.h">
      <Filter>Source Files\gpt_api</Filter>
    </ClInclude>
    <ClInclude Include="DataBaseCode.h">
      <Filter>Source Files</Filter>
    </ClInclude>
    <ClInclude Include="Chasier.h">
      <Filter>Header Files\database</Filter>
    </ClInclude>
    <ClInclude Include="Product.h">
      <Filter>Header Files\database</Filter>
    </ClInclude>
    <ClInclude Include="Supplier.h">
      <Filter>Header Files\database</Filter>
    </ClInclude>
    <ClInclude Include="product_tag.h">
      <Filter>Header Files\tag_headers</Filter>
    </ClInclude>
    <ClInclude Include="supplier_tag.h">
      <Filter>Header Files\tag_headers</Filter>
    </ClInclude>
    <ClInclude Include="product_db.h">
      <Filter>Header Files\database</Filter>
    </ClInclude>
  </ItemGroup>
  <ItemGroup>
    <None Include="..\..\..\..\vscode projects\C C++\OOP_Project\.vscode\c_cpp_properties.json">
      <Filter>Source Files\gpt_api</Filter>
    </None>
    <None Include="settings.json">
      <Filter>Source Files\gpt_api</Filter>
    </None>
    <None Include="packages.config" />
  </ItemGroup>
</Project>